
Microsoft Visual Studio Solution File, Format Version 12.00
# Visual Studio Version 17
VisualStudioVersion = 17.14.37012.4
MinimumVisualStudioVersion = 10.0.40219.1
Project("{8BC9CEB8-8B4A-11D0-8D11-00A0C91BC942}") = "BinarySearch", "BinarySearch\BinarySearch.vcxproj", "{16C13BBE-6E4D-422E-BF57-E33153818243}"
EndProject
Project("{8BC9CEB8-8B4A-11D0-8D11-00A0C91BC942}") = "Random", "Random\Random.vcxproj", "{B5E2C1D4-36FD-46FE-B30D-74A32CDF0922}"
EndProject
Project("{8BC9CEB8-8B4A-11D0-8D11-00A0C91BC942}") = "BubbleSort", "BubbleSort\BubbleSort.vcxproj", "{C02451AE-F20E-47E7-8A8A-5995588B310D}"
EndProject
Project("{8BC9CEB8-8B4A-11D0-8D11-00A0C91BC942}") = "SelectionSort", "SelectionSort\SelectionSort.vcxproj", "{08260EF5-7C98-457B-8D2B-CC58F62D7E55}"
EndProject
Project("{8BC9CEB8-8B4A-11D0-8D11-00A0C91BC942}") = "InsertionSort", "InsertionSort\InsertionSort.vcxproj", "{759EA6A6-10CB-475F-8D0E-B374BF56637C}"
EndProject
Global
	GlobalSection(SolutionConfigurationPlatforms) = preSolution
		Debug|x64 = Debug|x64
		Release|x64 = Release|x64
	EndGlobalSection
	GlobalSection(ProjectConfigurationPlatforms) = postSolution
		{16C13BBE-6E4D-422E-BF57-E33153818243}.Debug|x64.ActiveCfg = Debug|x64
		{16C13BBE-6E4D-422E-BF57-E33153818243}.Debug|x64.Build.0 = Debug|x64
		{16C13BBE-6E4D-422E-BF57-E33153818243}.Release|x64.ActiveCfg = Release|x64
		{16C13BBE-6E4D-422E-BF57-E33153818243}.Release|x64.Build.0 = Release|x64
		{B5E2C1D4-36FD-46FE-B30D-74A32CDF0922}.Debug|x64.ActiveCfg = Debug|x64
		{B5E2C1D4-36FD-46FE-B30D-74A32CDF0922}.Debug|x64.Build.0 = Debug|x64
		{B5E2C1D4-36FD-46FE-B30D-74A32CDF0922}.Release|x64.ActiveCfg = Release|x64
		{B5E2C1D4-36FD-46FE-B30D-74A32CDF0922}.Release|x64.Build.0 = Release|x64
		{C02451AE-F20E-47E7-8A8A-5995588B310D}.Debug|x64.ActiveCfg = Debug|x64
		{C02451AE-F20E-47E7-8A8A-5995588B310D}.Debug|x64.Build.0 = Debug|x64
		{C02451AE-F20E-47E7-8A8A-5995588B310D}.Release|x64.ActiveCfg = Release|x64
		{C02451AE-F20E-47E7-8A8A-5995588B310D}.Release|x64.Build.0 = Release|x64
		{08260EF5-7C98-457B-8D2B-CC58F62D7E55}.Debug|x64.ActiveCfg = Debug|x64
		{08260EF5-7C98-457B-8D2B-CC58F62D7E55}.Debug|x64.Build.0 = Debug|x64
		{08260EF5-7C98-457B-8D2B-CC58F62D7E55}.Release|x64.ActiveCfg = Release|x64
		{08260EF5-7C98-457B-8D2B-CC58F62D7E55}.Release|x64.Build.0 = Release|x64
		{759EA6A6-10CB-475F-8D0E-B374BF56637C}.Debug|x64.ActiveCfg = Debug|x64
		{759EA6A6-10CB-475F-8D0E-B374BF56637C}.Debug|x64.Build.0 = Debug|x64
		{759EA6A6-10CB-475F-8D0E-B374BF56637C}.Release|x64.ActiveCfg = Release|x64
		{759EA6A6-10CB-475F-8D0E-B374BF56637C}.Release|x64.Build.0 = Release|x64
	EndGlobalSection
	GlobalSection(SolutionProperties) = preSolution
		HideSolutionNode = FALSE
	EndGlobalSection
	GlobalSection(ExtensibilityGlobals) = postSolution
		SolutionGuid = {EF07768B-61B8-4969-8CE8-197A719315BB}
	EndGlobalSection
EndGlobal
