
Microsoft Visual Studio Solution File, Format Version 12.00
# Visual Studio Version 17
VisualStudioVersion = 17.14.37012.4
MinimumVisualStudioVersion = 10.0.40219.1
Project("{8BC9CEB8-8B4A-11D0-8D11-00A0C91BC942}") = "BinarySearch", "BinarySearch\BinarySearch.vcxproj", "{16C13BBE-6E4D-422E-BF57-E33153818243}"
EndProject
Project("{8BC9CEB8-8B4A-11D0-8D11-00A0C91BC942}") = "Random", "Random\Random.vcxproj", "{B5E2C1D4-36FD-46FE-B30D-74A32CDF0922}"
EndProject
Project("{8BC9CEB8-8B4A-11D0-8D11-00A0C91BC942}") = "BubbleSort", "BubbleSort\BubbleSort.vcxproj", "{C02451AE-F20E-47E7-8A8A-5995588B310D}"
EndProject
Project("{8BC9CEB8-8B4A-11D0-8D11-00A0C91BC942}") = "SelectionSort", "SelectionSort\SelectionSort.vcxproj", "{08260EF5-7C98-457B-8D2B-CC58F62D7E55}"
EndProject
Project("{8BC9CEB8-8B4A-11D0-8D11-00A0C91BC942}") = "InsertionSort", "InsertionSort\InsertionSort.vcxproj", "{759EA6A6-10CB-475F-8D0E-B374BF56637C}"
EndProject
Project("{8BC9CEB8-8B4A-11D0-8D11-00A0C91BC942}") = "QuickSort", "QuickSort\QuickSort.vcxproj", "{3E96BC54-7DD7-45B3-9C47-E9F183D2C4FD}"
EndProject
Project("{8BC9CEB8-8B4A-11D0-8D11-00A0C91BC942}") = "MergeSort", "MergeSort\MergeSort.vcxproj", "{63FCF2E4-4452-4C64-A8DC-35DF7C4F4F93}"
EndProject
Project("{8BC9CEB8-8B4A-11D0-8D11-00A0C91BC942}") = "HeapSort", "HeapSort\HeapSort.vcxproj", "{2DCE6282-7B28-4939-A025-4AD77A3092C9}"
EndProject
Project("{8BC9CEB8-8B4A-11D0-8D11-00A0C91BC942}") = "AStarPathFinding", "AStarPathFinding\AStarPathFinding.vcxproj", "{1D5F97EC-0DBF-436D-93C7-1A79A89AB83B}"
EndProject
Project("{8BC9CEB8-8B4A-11D0-8D11-00A0C91BC942}") = "QuadTree", "QuadTree\QuadTree.vcxproj", "{12BCCF69-FFC6-44F2-BB78-BC2CFC995AD1}"
EndProject
Global
	GlobalSection(SolutionConfigurationPlatforms) = preSolution
		Debug|x64 = Debug|x64
		Release|x64 = Release|x64
	EndGlobalSection
	GlobalSection(ProjectConfigurationPlatforms) = postSolution
		{16C13BBE-6E4D-422E-BF57-E33153818243}.Debug|x64.ActiveCfg = Debug|x64
		{16C13BBE-6E4D-422E-BF57-E33153818243}.Debug|x64.Build.0 = Debug|x64
		{16C13BBE-6E4D-422E-BF57-E33153818243}.Release|x64.ActiveCfg = Release|x64
		{16C13BBE-6E4D-422E-BF57-E33153818243}.Release|x64.Build.0 = Release|x64
		{B5E2C1D4-36FD-46FE-B30D-74A32CDF0922}.Debug|x64.ActiveCfg = Debug|x64
		{B5E2C1D4-36FD-46FE-B30D-74A32CDF0922}.Debug|x64.Build.0 = Debug|x64
		{B5E2C1D4-36FD-46FE-B30D-74A32CDF0922}.Release|x64.ActiveCfg = Release|x64
		{B5E2C1D4-36FD-46FE-B30D-74A32CDF0922}.Release|x64.Build.0 = Release|x64
		{C02451AE-F20E-47E7-8A8A-5995588B310D}.Debug|x64.ActiveCfg = Debug|x64
		{C02451AE-F20E-47E7-8A8A-5995588B310D}.Debug|x64.Build.0 = Debug|x64
		{C02451AE-F20E-47E7-8A8A-5995588B310D}.Release|x64.ActiveCfg = Release|x64
		{C02451AE-F20E-47E7-8A8A-5995588B310D}.Release|x64.Build.0 = Release|x64
		{08260EF5-7C98-457B-8D2B-CC58F62D7E55}.Debug|x64.ActiveCfg = Debug|x64
		{08260EF5-7C98-457B-8D2B-CC58F62D7E55}.Debug|x64.Build.0 = Debug|x64
		{08260EF5-7C98-457B-8D2B-CC58F62D7E55}.Release|x64.ActiveCfg = Release|x64
		{08260EF5-7C98-457B-8D2B-CC58F62D7E55}.Release|x64.Build.0 = Release|x64
		{759EA6A6-10CB-475F-8D0E-B374BF56637C}.Debug|x64.ActiveCfg = Debug|x64
		{759EA6A6-10CB-475F-8D0E-B374BF56637C}.Debug|x64.Build.0 = Debug|x64
		{759EA6A6-10CB-475F-8D0E-B374BF56637C}.Release|x64.ActiveCfg = Release|x64
		{759EA6A6-10CB-475F-8D0E-B374BF56637C}.Release|x64.Build.0 = Release|x64
		{3E96BC54-7DD7-45B3-9C47-E9F183D2C4FD}.Debug|x64.ActiveCfg = Debug|x64
		{3E96BC54-7DD7-45B3-9C47-E9F183D2C4FD}.Debug|x64.Build.0 = Debug|x64
		{3E96BC54-7DD7-45B3-9C47-E9F183D2C4FD}.Release|x64.ActiveCfg = Release|x64
		{3E96BC54-7DD7-45B3-9C47-E9F183D2C4FD}.Release|x64.Build.0 = Release|x64
		{63FCF2E4-4452-4C64-A8DC-35DF7C4F4F93}.Debug|x64.ActiveCfg = Debug|x64
		{63FCF2E4-4452-4C64-A8DC-35DF7C4F4F93}.Debug|x64.Build.0 = Debug|x64
		{63FCF2E4-4452-4C64-A8DC-35DF7C4F4F93}.Release|x64.ActiveCfg = Release|x64
		{63FCF2E4-4452-4C64-A8DC-35DF7C4F4F93}.Release|x64.Build.0 = Release|x64
		{2DCE6282-7B28-4939-A025-4AD77A3092C9}.Debug|x64.ActiveCfg = Debug|x64
		{2DCE6282-7B28-4939-A025-4AD77A3092C9}.Debug|x64.Build.0 = Debug|x64
		{2DCE6282-7B28-4939-A025-4AD77A3092C9}.Release|x64.ActiveCfg = Release|x64
		{2DCE6282-7B28-4939-A025-4AD77A3092C9}.Release|x64.Build.0 = Release|x64
		{1D5F97EC-0DBF-436D-93C7-1A79A89AB83B}.Debug|x64.ActiveCfg = Debug|x64
		{1D5F97EC-0DBF-436D-93C7-1A79A89AB83B}.Debug|x64.Build.0 = Debug|x64
		{1D5F97EC-0DBF-436D-93C7-1A79A89AB83B}.Release|x64.ActiveCfg = Release|x64
		{1D5F97EC-0DBF-436D-93C7-1A79A89AB83B}.Release|x64.Build.0 = Release|x64
		{12BCCF69-FFC6-44F2-BB78-BC2CFC995AD1}.Debug|x64.ActiveCfg = Debug|x64
		{12BCCF69-FFC6-44F2-BB78-BC2CFC995AD1}.Debug|x64.Build.0 = Debug|x64
		{12BCCF69-FFC6-44F2-BB78-BC2CFC995AD1}.Release|x64.ActiveCfg = Release|x64
		{12BCCF69-FFC6-44F2-BB78-BC2CFC995AD1}.Release|x64.Build.0 = Release|x64
	EndGlobalSection
	GlobalSection(SolutionProperties) = preSolution
		HideSolutionNode = FALSE
	EndGlobalSection
	GlobalSection(ExtensibilityGlobals) = postSolution
		SolutionGuid = {EF07768B-61B8-4969-8CE8-197A719315BB}
	EndGlobalSection
EndGlobal
